{
  "name": "blog",
  "version": "1.0.0",
  "lockfileVersion": 1,
  "requires": true,
  "dependencies": {
    "async-validator": {
      "version": "3.2.4",
      "resolved": "https://registry.npmjs.org/async-validator/-/async-validator-3.2.4.tgz",
      "integrity": "sha512-mTgzMJixkrh+5t2gbYoua8MLy11GHkQqFE6tbhY5Aqc4jEDGsR4BWP+sVQiYDHtzTMB8WIwI/ypObTVPcTZInw=="
    },
    "prettier": {
      "version": "1.19.1",
      "resolved": "https://registry.npmjs.org/prettier/-/prettier-1.19.1.tgz",
      "integrity": "sha512-s7PoyDv/II1ObgQunCbB9PdLmUcBZcnWOcxDh7O0N/UwDEsHyqkW+Qh28jW+mVuCdx7gLB0BotYI1Y6uI9iyew==",
      "dev": true
    },
    "typescript": {
      "version": "3.8.3",
      "resolved": "https://registry.npmjs.org/typescript/-/typescript-3.8.3.tgz",
      "integrity": "sha512-MYlEfn5VrLNsgudQTVJeNaQFUAI7DkhnOjdpAp4T+ku1TfQClewlbSuTVHiA+8skNBgaf02TL/kLOvig4y3G8w==",
      "dev": true
    },
    "wenyejie-utils": {
      "version": "1.0.2",
      "resolved": "https://registry.npmjs.org/wenyejie-utils/-/wenyejie-utils-1.0.2.tgz",
      "integrity": "sha512-gKA2HJ31zn6OT0ugRIe1zJNKP6f9NG1ubSy+KStsClnJD+/WcR5QsnQbVNFy2c/S2nJHME2JXeClx/gWNkCxCQ=="
    }
  }
}
